// !$*UTF8*$!
{
	archiveVersion = 1;
	classes = {
	};
	objectVersion = 46;
	objects = {

/* Begin PBXBuildFile section */
		65B1B48019BA326A00513392 /* Foundation.framework in Frameworks */ = {isa = PBXBuildFile; fileRef = 65B1B47F19BA326A00513392 /* Foundation.framework */; };
		65B1B48219BA326A00513392 /* CoreGraphics.framework in Frameworks */ = {isa = PBXBuildFile; fileRef = 65B1B48119BA326A00513392 /* CoreGraphics.framework */; };
		65B1B48419BA326A00513392 /* UIKit.framework in Frameworks */ = {isa = PBXBuildFile; fileRef = 65B1B48319BA326A00513392 /* UIKit.framework */; };
		65B1B48A19BA326A00513392 /* InfoPlist.strings in Resources */ = {isa = PBXBuildFile; fileRef = 65B1B48819BA326A00513392 /* InfoPlist.strings */; };
		65B1B48C19BA326A00513392 /* main.m in Sources */ = {isa = PBXBuildFile; fileRef = 65B1B48B19BA326A00513392 /* main.m */; };
		65B1B49019BA326A00513392 /* SimpleTableAppDelegate.m in Sources */ = {isa = PBXBuildFile; fileRef = 65B1B48F19BA326A00513392 /* SimpleTableAppDelegate.m */; };
		65B1B49319BA326A00513392 /* Main.storyboard in Resources */ = {isa = PBXBuildFile; fileRef = 65B1B49119BA326A00513392 /* Main.storyboard */; };
		65B1B49619BA326A00513392 /* SimpleTableViewController.m in Sources */ = {isa = PBXBuildFile; fileRef = 65B1B49519BA326A00513392 /* SimpleTableViewController.m */; };
		65B1B49819BA326A00513392 /* Images.xcassets in Resources */ = {isa = PBXBuildFile; fileRef = 65B1B49719BA326A00513392 /* Images.xcassets */; };
		65B1B49F19BA326A00513392 /* XCTest.framework in Frameworks */ = {isa = PBXBuildFile; fileRef = 65B1B49E19BA326A00513392 /* XCTest.framework */; };
		65B1B4A019BA326A00513392 /* Foundation.framework in Frameworks */ = {isa = PBXBuildFile; fileRef = 65B1B47F19BA326A00513392 /* Foundation.framework */; };
		65B1B4A119BA326A00513392 /* UIKit.framework in Frameworks */ = {isa = PBXBuildFile; fileRef = 65B1B48319BA326A00513392 /* UIKit.framework */; };
		65B1B4A919BA326A00513392 /* InfoPlist.strings in Resources */ = {isa = PBXBuildFile; fileRef = 65B1B4A719BA326A00513392 /* InfoPlist.strings */; };
		65B1B4AB19BA326A00513392 /* SimpleTableTests.m in Sources */ = {isa = PBXBuildFile; fileRef = 65B1B4AA19BA326A00513392 /* SimpleTableTests.m */; };
/* End PBXBuildFile section */

/* Begin PBXContainerItemProxy section */
		65B1B4A219BA326A00513392 /* PBXContainerItemProxy */ = {
			isa = PBXContainerItemProxy;
			containerPortal = 65B1B47419BA326A00513392 /* Project object */;
			proxyType = 1;
			remoteGlobalIDString = 65B1B47B19BA326A00513392;
			remoteInfo = SimpleTable;
		};
/* End PBXContainerItemProxy section */

/* Begin PBXFileReference section */
		65B1B47C19BA326A00513392 /* SimpleTable.app */ = {isa = PBXFileReference; explicitFileType = wrapper.application; includeInIndex = 0; path = SimpleTable.app; sourceTree = BUILT_PRODUCTS_DIR; };
		65B1B47F19BA326A00513392 /* Foundation.framework */ = {isa = PBXFileReference; lastKnownFileType = wrapper.framework; name = Foundation.framework; path = System/Library/Frameworks/Foundation.framework; sourceTree = SDKROOT; };
		65B1B48119BA326A00513392 /* CoreGraphics.framework */ = {isa = PBXFileReference; lastKnownFileType = wrapper.framework; name = CoreGraphics.framework; path = System/Library/Frameworks/CoreGraphics.framework; sourceTree = SDKROOT; };
		65B1B48319BA326A00513392 /* UIKit.framework */ = {isa = PBXFileReference; lastKnownFileType = wrapper.framework; name = UIKit.framework; path = System/Library/Frameworks/UIKit.framework; sourceTree = SDKROOT; };
		65B1B48719BA326A00513392 /* SimpleTable-Info.plist */ = {isa = PBXFileReference; lastKnownFileType = text.plist.xml; path = "SimpleTable-Info.plist"; sourceTree = "<group>"; };
		65B1B48919BA326A00513392 /* en */ = {isa = PBXFileReference; lastKnownFileType = text.plist.strings; name = en; path = en.lproj/InfoPlist.strings; sourceTree = "<group>"; };
		65B1B48B19BA326A00513392 /* main.m */ = {isa = PBXFileReference; lastKnownFileType = sourcecode.c.objc; path = main.m; sourceTree = "<group>"; };
		65B1B48D19BA326A00513392 /* SimpleTable-Prefix.pch */ = {isa = PBXFileReference; lastKnownFileType = sourcecode.c.h; path = "SimpleTable-Prefix.pch"; sourceTree = "<group>"; };
		65B1B48E19BA326A00513392 /* SimpleTableAppDelegate.h */ = {isa = PBXFileReference; lastKnownFileType = sourcecode.c.h; path = SimpleTableAppDelegate.h; sourceTree = "<group>"; };
		65B1B48F19BA326A00513392 /* SimpleTableAppDelegate.m */ = {isa = PBXFileReference; lastKnownFileType = sourcecode.c.objc; path = SimpleTableAppDelegate.m; sourceTree = "<group>"; };
		65B1B49219BA326A00513392 /* Base */ = {isa = PBXFileReference; lastKnownFileType = file.storyboard; name = Base; path = Base.lproj/Main.storyboard; sourceTree = "<group>"; };
		65B1B49419BA326A00513392 /* SimpleTableViewController.h */ = {isa = PBXFileReference; lastKnownFileType = sourcecode.c.h; path = SimpleTableViewController.h; sourceTree = "<group>"; };
		65B1B49519BA326A00513392 /* SimpleTableViewController.m */ = {isa = PBXFileReference; lastKnownFileType = sourcecode.c.objc; path = SimpleTableViewController.m; sourceTree = "<group>"; };
		65B1B49719BA326A00513392 /* Images.xcassets */ = {isa = PBXFileReference; lastKnownFileType = folder.assetcatalog; path = Images.xcassets; sourceTree = "<group>"; };
		65B1B49D19BA326A00513392 /* SimpleTableTests.xctest */ = {isa = PBXFileReference; explicitFileType = wrapper.cfbundle; includeInIndex = 0; path = SimpleTableTests.xctest; sourceTree = BUILT_PRODUCTS_DIR; };
		65B1B49E19BA326A00513392 /* XCTest.framework */ = {isa = PBXFileReference; lastKnownFileType = wrapper.framework; name = XCTest.framework; path = Library/Frameworks/XCTest.framework; sourceTree = DEVELOPER_DIR; };
		65B1B4A619BA326A00513392 /* SimpleTableTests-Info.plist */ = {isa = PBXFileReference; lastKnownFileType = text.plist.xml; path = "SimpleTableTests-Info.plist"; sourceTree = "<group>"; };
		65B1B4A819BA326A00513392 /* en */ = {isa = PBXFileReference; lastKnownFileType = text.plist.strings; name = en; path = en.lproj/InfoPlist.strings; sourceTree = "<group>"; };
		65B1B4AA19BA326A00513392 /* SimpleTableTests.m */ = {isa = PBXFileReference; lastKnownFileType = sourcecode.c.objc; path = SimpleTableTests.m; sourceTree = "<group>"; };
/* End PBXFileReference section */

/* Begin PBXFrameworksBuildPhase section */
		65B1B47919BA326A00513392 /* Frameworks */ = {
			isa = PBXFrameworksBuildPhase;
			buildActionMask = 2147483647;
			files = (
				65B1B48219BA326A00513392 /* CoreGraphics.framework in Frameworks */,
				65B1B48419BA326A00513392 /* UIKit.framework in Frameworks */,
				65B1B48019BA326A00513392 /* Foundation.framework in Frameworks */,
			);
			runOnlyForDeploymentPostprocessing = 0;
		};
		65B1B49A19BA326A00513392 /* Frameworks */ = {
			isa = PBXFrameworksBuildPhase;
			buildActionMask = 2147483647;
			files = (
				65B1B49F19BA326A00513392 /* XCTest.framework in Frameworks */,
				65B1B4A119BA326A00513392 /* UIKit.framework in Frameworks */,
				65B1B4A019BA326A00513392 /* Foundation.framework in Frameworks */,
			);
			runOnlyForDeploymentPostprocessing = 0;
		};
/* End PBXFrameworksBuildPhase section */

/* Begin PBXGroup section */
		65B1B47319BA326A00513392 = {
			isa = PBXGroup;
			children = (
				65B1B48519BA326A00513392 /* SimpleTable */,
				65B1B4A419BA326A00513392 /* SimpleTableTests */,
				65B1B47E19BA326A00513392 /* Frameworks */,
				65B1B47D19BA326A00513392 /* Products */,
			);
			sourceTree = "<group>";
		};
		65B1B47D19BA326A00513392 /* Products */ = {
			isa = PBXGroup;
			children = (
				65B1B47C19BA326A00513392 /* SimpleTable.app */,
				65B1B49D19BA326A00513392 /* SimpleTableTests.xctest */,
			);
			name = Products;
			sourceTree = "<group>";
		};
		65B1B47E19BA326A00513392 /* Frameworks */ = {
			isa = PBXGroup;
			children = (
				65B1B47F19BA326A00513392 /* Foundation.framework */,
				65B1B48119BA326A00513392 /* CoreGraphics.framework */,
				65B1B48319BA326A00513392 /* UIKit.framework */,
				65B1B49E19BA326A00513392 /* XCTest.framework */,
			);
			name = Frameworks;
			sourceTree = "<group>";
		};
		65B1B48519BA326A00513392 /* SimpleTable */ = {
			isa = PBXGroup;
			children = (
				65B1B48E19BA326A00513392 /* SimpleTableAppDelegate.h */,
				65B1B48F19BA326A00513392 /* SimpleTableAppDelegate.m */,
				65B1B49119BA326A00513392 /* Main.storyboard */,
				65B1B49419BA326A00513392 /* SimpleTableViewController.h */,
				65B1B49519BA326A00513392 /* SimpleTableViewController.m */,
				65B1B49719BA326A00513392 /* Images.xcassets */,
				65B1B48619BA326A00513392 /* Supporting Files */,
			);
			path = SimpleTable;
			sourceTree = "<group>";
		};
		65B1B48619BA326A00513392 /* Supporting Files */ = {
			isa = PBXGroup;
			children = (
				65B1B48719BA326A00513392 /* SimpleTable-Info.plist */,
				65B1B48819BA326A00513392 /* InfoPlist.strings */,
				65B1B48B19BA326A00513392 /* main.m */,
				65B1B48D19BA326A00513392 /* SimpleTable-Prefix.pch */,
			);
			name = "Supporting Files";
			sourceTree = "<group>";
		};
		65B1B4A419BA326A00513392 /* SimpleTableTests */ = {
			isa = PBXGroup;
			children = (
				65B1B4AA19BA326A00513392 /* SimpleTableTests.m */,
				65B1B4A519BA326A00513392 /* Supporting Files */,
			);
			path = SimpleTableTests;
			sourceTree = "<group>";
		};
		65B1B4A519BA326A00513392 /* Supporting Files */ = {
			isa = PBXGroup;
			children = (
				65B1B4A619BA326A00513392 /* SimpleTableTests-Info.plist */,
				65B1B4A719BA326A00513392 /* InfoPlist.strings */,
			);
			name = "Supporting Files";
			sourceTree = "<group>";
		};
/* End PBXGroup section */

/* Begin PBXNativeTarget section */
		65B1B47B19BA326A00513392 /* SimpleTable */ = {
			isa = PBXNativeTarget;
			buildConfigurationList = 65B1B4AE19BA326A00513392 /* Build configuration list for PBXNativeTarget "SimpleTable" */;
			buildPhases = (
				65B1B47819BA326A00513392 /* Sources */,
				65B1B47919BA326A00513392 /* Frameworks */,
				65B1B47A19BA326A00513392 /* Resources */,
			);
			buildRules = (
			);
			dependencies = (
			);
			name = SimpleTable;
			productName = SimpleTable;
			productReference = 65B1B47C19BA326A00513392 /* SimpleTable.app */;
			productType = "com.apple.product-type.application";
		};
		65B1B49C19BA326A00513392 /* SimpleTableTests */ = {
			isa = PBXNativeTarget;
			buildConfigurationList = 65B1B4B119BA326A00513392 /* Build configuration list for PBXNativeTarget "SimpleTableTests" */;
			buildPhases = (
				65B1B49919BA326A00513392 /* Sources */,
				65B1B49A19BA326A00513392 /* Frameworks */,
				65B1B49B19BA326A00513392 /* Resources */,
			);
			buildRules = (
			);
			dependencies = (
				65B1B4A319BA326A00513392 /* PBXTargetDependency */,
			);
			name = SimpleTableTests;
			productName = SimpleTableTests;
			productReference = 65B1B49D19BA326A00513392 /* SimpleTableTests.xctest */;
			productType = "com.apple.product-type.bundle.unit-test";
		};
/* End PBXNativeTarget section */

/* Begin PBXProject section */
		65B1B47419BA326A00513392 /* Project object */ = {
			isa = PBXProject;
			attributes = {
				CLASSPREFIX = SimpleTable;
				LastUpgradeCheck = 0510;
				ORGANIZATIONNAME = Katiyals;
				TargetAttributes = {
					65B1B49C19BA326A00513392 = {
						TestTargetID = 65B1B47B19BA326A00513392;
					};
				};
			};
			buildConfigurationList = 65B1B47719BA326A00513392 /* Build configuration list for PBXProject "SimpleTable" */;
			compatibilityVersion = "Xcode 3.2";
			developmentRegion = English;
			hasScannedForEncodings = 0;
			knownRegions = (
				en,
				Base,
			);
			mainGroup = 65B1B47319BA326A00513392;
			productRefGroup = 65B1B47D19BA326A00513392 /* Products */;
			projectDirPath = "";
			projectRoot = "";
			targets = (
				65B1B47B19BA326A00513392 /* SimpleTable */,
				65B1B49C19BA326A00513392 /* SimpleTableTests */,
			);
		};
/* End PBXProject section */

/* Begin PBXResourcesBuildPhase section */
		65B1B47A19BA326A00513392 /* Resources */ = {
			isa = PBXResourcesBuildPhase;
			buildActionMask = 2147483647;
			files = (
				65B1B49819BA326A00513392 /* Images.xcassets in Resources */,
				65B1B48A19BA326A00513392 /* InfoPlist.strings in Resources */,
				65B1B49319BA326A00513392 /* Main.storyboard in Resources */,
			);
			runOnlyForDeploymentPostprocessing = 0;
		};
		65B1B49B19BA326A00513392 /* Resources */ = {
			isa = PBXResourcesBuildPhase;
			buildActionMask = 2147483647;
			files = (
				65B1B4A919BA326A00513392 /* InfoPlist.strings in Resources */,
			);
			runOnlyForDeploymentPostprocessing = 0;
		};
/* End PBXResourcesBuildPhase section */

/* Begin PBXSourcesBuildPhase section */
		65B1B47819BA326A00513392 /* Sources */ = {
			isa = PBXSourcesBuildPhase;
			buildActionMask = 2147483647;
			files = (
				65B1B48C19BA326A00513392 /* main.m in Sources */,
				65B1B49019BA326A00513392 /* SimpleTableAppDelegate.m in Sources */,
				65B1B49619BA326A00513392 /* SimpleTableViewController.m in Sources */,
			);
			runOnlyForDeploymentPostprocessing = 0;
		};
		65B1B49919BA326A00513392 /* Sources */ = {
			isa = PBXSourcesBuildPhase;
			buildActionMask = 2147483647;
			files = (
				65B1B4AB19BA326A00513392 /* SimpleTableTests.m in Sources */,
			);
			runOnlyForDeploymentPostprocessing = 0;
		};
/* End PBXSourcesBuildPhase section */

/* Begin PBXTargetDependency section */
		65B1B4A319BA326A00513392 /* PBXTargetDependency */ = {
			isa = PBXTargetDependency;
			target = 65B1B47B19BA326A00513392 /* SimpleTable */;
			targetProxy = 65B1B4A219BA326A00513392 /* PBXContainerItemProxy */;
		};
/* End PBXTargetDependency section */

/* Begin PBXVariantGroup section */
		65B1B48819BA326A00513392 /* InfoPlist.strings */ = {
			isa = PBXVariantGroup;
			children = (
				65B1B48919BA326A00513392 /* en */,
			);
			name = InfoPlist.strings;
			sourceTree = "<group>";
		};
		65B1B49119BA326A00513392 /* Main.storyboard */ = {
			isa = PBXVariantGroup;
			children = (
				65B1B49219BA326A00513392 /* Base */,
			);
			name = Main.storyboard;
			sourceTree = "<group>";
		};
		65B1B4A719BA326A00513392 /* InfoPlist.strings */ = {
			isa = PBXVariantGroup;
			children = (
				65B1B4A819BA326A00513392 /* en */,
			);
			name = InfoPlist.strings;
			sourceTree = "<group>";
		};
/* End PBXVariantGroup section */

/* Begin XCBuildConfiguration section */
		65B1B4AC19BA326A00513392 /* Debug */ = {
			isa = XCBuildConfiguration;
			buildSettings = {
				ALWAYS_SEARCH_USER_PATHS = NO;
				CLANG_CXX_LANGUAGE_STANDARD = "gnu++0x";
				CLANG_CXX_LIBRARY = "libc++";
				CLANG_ENABLE_MODULES = YES;
				CLANG_ENABLE_OBJC_ARC = YES;
				CLANG_WARN_BOOL_CONVERSION = YES;
				CLANG_WARN_CONSTANT_CONVERSION = YES;
				CLANG_WARN_DIRECT_OBJC_ISA_USAGE = YES_ERROR;
				CLANG_WARN_EMPTY_BODY = YES;
				CLANG_WARN_ENUM_CONVERSION = YES;
				CLANG_WARN_INT_CONVERSION = YES;
				CLANG_WARN_OBJC_ROOT_CLASS = YES_ERROR;
				CLANG_WARN__DUPLICATE_METHOD_MATCH = YES;
				"CODE_SIGN_IDENTITY[sdk=iphoneos*]" = "iPhone Developer";
				COPY_PHASE_STRIP = NO;
				GCC_C_LANGUAGE_STANDARD = gnu99;
				GCC_DYNAMIC_NO_PIC = NO;
				GCC_OPTIMIZATION_LEVEL = 0;
				GCC_PREPROCESSOR_DEFINITIONS = (
					"DEBUG=1",
					"$(inherited)",
				);
				GCC_SYMBOLS_PRIVATE_EXTERN = NO;
				GCC_WARN_64_TO_32_BIT_CONVERSION = YES;
				GCC_WARN_ABOUT_RETURN_TYPE = YES_ERROR;
				GCC_WARN_UNDECLARED_SELECTOR = YES;
				GCC_WARN_UNINITIALIZED_AUTOS = YES_AGGRESSIVE;
				GCC_WARN_UNUSED_FUNCTION = YES;
				GCC_WARN_UNUSED_VARIABLE = YES;
				IPHONEOS_DEPLOYMENT_TARGET = 7.1;
				ONLY_ACTIVE_ARCH = YES;
				SDKROOT = iphoneos;
			};
			name = Debug;
		};
		65B1B4AD19BA326A00513392 /* Release */ = {
			isa = XCBuildConfiguration;
			buildSettings = {
				ALWAYS_SEARCH_USER_PATHS = NO;
				CLANG_CXX_LANGUAGE_STANDARD = "gnu++0x";
				CLANG_CXX_LIBRARY = "libc++";
				CLANG_ENABLE_MODULES = YES;
				CLANG_ENABLE_OBJC_ARC = YES;
				CLANG_WARN_BOOL_CONVERSION = YES;
				CLANG_WARN_CONSTANT_CONVERSION = YES;
				CLANG_WARN_DIRECT_OBJC_ISA_USAGE = YES_ERROR;
				CLANG_WARN_EMPTY_BODY = YES;
				CLANG_WARN_ENUM_CONVERSION = YES;
				CLANG_WARN_INT_CONVERSION = YES;
				CLANG_WARN_OBJC_ROOT_CLASS = YES_ERROR;
				CLANG_WARN__DUPLICATE_METHOD_MATCH = YES;
				"CODE_SIGN_IDENTITY[sdk=iphoneos*]" = "iPhone Developer";
				COPY_PHASE_STRIP = YES;
				ENABLE_NS_ASSERTIONS = NO;
				GCC_C_LANGUAGE_STANDARD = gnu99;
				GCC_WARN_64_TO_32_BIT_CONVERSION = YES;
				GCC_WARN_ABOUT_RETURN_TYPE = YES_ERROR;
				GCC_WARN_UNDECLARED_SELECTOR = YES;
				GCC_WARN_UNINITIALIZED_AUTOS = YES_AGGRESSIVE;
				GCC_WARN_UNUSED_FUNCTION = YES;
				GCC_WARN_UNUSED_VARIABLE = YES;
				IPHONEOS_DEPLOYMENT_TARGET = 7.1;
				SDKROOT = iphoneos;
				VALIDATE_PRODUCT = YES;
			};
			name = Release;
		};
		65B1B4AF19BA326A00513392 /* Debug */ = {
			isa = XCBuildConfiguration;
			buildSettings = {
				ASSETCATALOG_COMPILER_APPICON_NAME = AppIcon;
				ASSETCATALOG_COMPILER_LAUNCHIMAGE_NAME = LaunchImage;
				GCC_PRECOMPILE_PREFIX_HEADER = YES;
				GCC_PREFIX_HEADER = "SimpleTable/SimpleTable-Prefix.pch";
				INFOPLIST_FILE = "SimpleTable/SimpleTable-Info.plist";
				PRODUCT_NAME = "$(TARGET_NAME)";
				WRAPPER_EXTENSION = app;
			};
			name = Debug;
		};
		65B1B4B019BA326A00513392 /* Release */ = {
			isa = XCBuildConfiguration;
			buildSettings = {
				ASSETCATALOG_COMPILER_APPICON_NAME = AppIcon;
				ASSETCATALOG_COMPILER_LAUNCHIMAGE_NAME = LaunchImage;
				GCC_PRECOMPILE_PREFIX_HEADER = YES;
				GCC_PREFIX_HEADER = "SimpleTable/SimpleTable-Prefix.pch";
				INFOPLIST_FILE = "SimpleTable/SimpleTable-Info.plist";
				PRODUCT_NAME = "$(TARGET_NAME)";
				WRAPPER_EXTENSION = app;
			};
			name = Release;
		};
		65B1B4B219BA326A00513392 /* Debug */ = {
			isa = XCBuildConfiguration;
			buildSettings = {
				BUNDLE_LOADER = "$(BUILT_PRODUCTS_DIR)/SimpleTable.app/SimpleTable";
				FRAMEWORK_SEARCH_PATHS = (
					"$(SDKROOT)/Developer/Library/Frameworks",
					"$(inherited)",
					"$(DEVELOPER_FRAMEWORKS_DIR)",
				);
				GCC_PRECOMPILE_PREFIX_HEADER = YES;
				GCC_PREFIX_HEADER = "SimpleTable/SimpleTable-Prefix.pch";
				GCC_PREPROCESSOR_DEFINITIONS = (
					"DEBUG=1",
					"$(inherited)",
				);
				INFOPLIST_FILE = "SimpleTableTests/SimpleTableTests-Info.plist";
				PRODUCT_NAME = "$(TARGET_NAME)";
				TEST_HOST = "$(BUNDLE_LOADER)";
				WRAPPER_EXTENSION = xctest;
			};
			name = Debug;
		};
		65B1B4B319BA326A00513392 /* Release */ = {
			isa = XCBuildConfiguration;
			buildSettings = {
				BUNDLE_LOADER = "$(BUILT_PRODUCTS_DIR)/SimpleTable.app/SimpleTable";
				FRAMEWORK_SEARCH_PATHS = (
					"$(SDKROOT)/Developer/Library/Frameworks",
					"$(inherited)",
					"$(DEVELOPER_FRAMEWORKS_DIR)",
				);
				GCC_PRECOMPILE_PREFIX_HEADER = YES;
				GCC_PREFIX_HEADER = "SimpleTable/SimpleTable-Prefix.pch";
				INFOPLIST_FILE = "SimpleTableTests/SimpleTableTests-Info.plist";
				PRODUCT_NAME = "$(TARGET_NAME)";
				TEST_HOST = "$(BUNDLE_LOADER)";
				WRAPPER_EXTENSION = xctest;
			};
			name = Release;
		};
/* End XCBuildConfiguration section */

/* Begin XCConfigurationList section */
		65B1B47719BA326A00513392 /* Build configuration list for PBXProject "SimpleTable" */ = {
			isa = XCConfigurationList;
			buildConfigurations = (
				65B1B4AC19BA326A00513392 /* Debug */,
				65B1B4AD19BA326A00513392 /* Release */,
			);
			defaultConfigurationIsVisible = 0;
			defaultConfigurationName = Release;
		};
		65B1B4AE19BA326A00513392 /* Build configuration list for PBXNativeTarget "SimpleTable" */ = {
			isa = XCConfigurationList;
			buildConfigurations = (
				65B1B4AF19BA326A00513392 /* Debug */,
				65B1B4B019BA326A00513392 /* Release */,
			);
			defaultConfigurationIsVisible = 0;
		};
		65B1B4B119BA326A00513392 /* Build configuration list for PBXNativeTarget "SimpleTableTests" */ = {
			isa = XCConfigurationList;
			buildConfigurations = (
				65B1B4B219BA326A00513392 /* Debug */,
				65B1B4B319BA326A00513392 /* Release */,
			);
			defaultConfigurationIsVisible = 0;
		};
/* End XCConfigurationList section */
	};
	rootObject = 65B1B47419BA326A00513392 /* Project object */;
}
